
Microsoft Visual Studio Solution File, Format Version 12.00
# Visual Studio 15
VisualStudioVersion = 15.0.26730.10
MinimumVisualStudioVersion = 10.0.40219.1
Project("{FAE04EC0-301F-11D3-BF4B-00C04F79EFBC}") = "Space Defender", "Space Defender\Space Defender.csproj", "{22BB990B-7671-4F38-B9D7-12EF27D54BA6}"
EndProject
Global
	GlobalSection(SolutionConfigurationPlatforms) = preSolution
		Debug|x86 = Debug|x86
		Release|x86 = Release|x86
	EndGlobalSection
	GlobalSection(ProjectConfigurationPlatforms) = postSolution
		{22BB990B-7671-4F38-B9D7-12EF27D54BA6}.Debug|x86.ActiveCfg = Debug|x86
		{22BB990B-7671-4F38-B9D7-12EF27D54BA6}.Debug|x86.Build.0 = Debug|x86
		{22BB990B-7671-4F38-B9D7-12EF27D54BA6}.Release|x86.ActiveCfg = Release|x86
		{22BB990B-7671-4F38-B9D7-12EF27D54BA6}.Release|x86.Build.0 = Release|x86
	EndGlobalSection
	GlobalSection(SolutionProperties) = preSolution
		HideSolutionNode = FALSE
	EndGlobalSection
	GlobalSection(ExtensibilityGlobals) = postSolution
		SolutionGuid = {A51C12CD-ABE1-485D-B3A6-83CFBAC891D3}
	EndGlobalSection
EndGlobal
